{
  "name": "webview-trpc",
  "version": "1.0.0",
  "lockfileVersion": 3,
  "requires": true,
  "packages": {
    "": {
      "name": "webview-trpc",
      "version": "1.0.0",
      "dependencies": {
        "@elasticbottle/trpc-post-message": "^0.0.4",
        "@trpc/client": "^11.3.1",
        "superjson": "^2.2.2"
      }
    },
    "node_modules/@elasticbottle/trpc-post-message": {
      "version": "0.0.4",
      "resolved": "https://registry.npmjs.org/@elasticbottle/trpc-post-message/-/trpc-post-message-0.0.4.tgz",
      "integrity": "sha512-i5IyeTkrhEQxZIl10S7VmXEaj/vgYLt9SGorg8nqytya3J53qoExo/pMrz5tX0i+QcxWcAvNyxRkn+pKiCGw9Q==",
      "license": "MIT",
      "peerDependencies": {
        "@trpc/client": "^10.0.0",
        "@trpc/server": "^10.0.0"
      }
    },
    "node_modules/@trpc/client": {
      "version": "11.3.1",
      "resolved": "https://registry.npmjs.org/@trpc/client/-/client-11.3.1.tgz",
      "integrity": "sha512-UlLsUN7x8qD07FaGzdz/FG3K+kpaYowZkmVZ8R4Nlx1Yj01Kgr1Y+cGjtBdRpd+0l7uVylwDPmHA1OxYE6zHgA==",
      "funding": [
        "https://trpc.io/sponsor"
      ],
      "license": "MIT",
      "peerDependencies": {
        "@trpc/server": "11.3.1",
        "typescript": ">=5.7.2"
      }
    },
    "node_modules/copy-anything": {
      "version": "3.0.5",
      "resolved": "https://registry.npmjs.org/copy-anything/-/copy-anything-3.0.5.tgz",
      "integrity": "sha512-yCEafptTtb4bk7GLEQoM8KVJpxAfdBJYaXyzQEgQQQgYrZiDp8SJmGKlYza6CYjEDNstAdNdKA3UuoULlEbS6w==",
      "license": "MIT",
      "dependencies": {
        "is-what": "^4.1.8"
      },
      "engines": {
        "node": ">=12.13"
      },
      "funding": {
        "url": "https://github.com/sponsors/mesqueeb"
      }
    },
    "node_modules/is-what": {
      "version": "4.1.16",
      "resolved": "https://registry.npmjs.org/is-what/-/is-what-4.1.16.tgz",
      "integrity": "sha512-ZhMwEosbFJkA0YhFnNDgTM4ZxDRsS6HqTo7qsZM08fehyRYIYa0yHu5R6mgo1n/8MgaPBXiPimPD77baVFYg+A==",
      "license": "MIT",
      "engines": {
        "node": ">=12.13"
      },
      "funding": {
        "url": "https://github.com/sponsors/mesqueeb"
      }
    },
    "node_modules/superjson": {
      "version": "2.2.2",
      "resolved": "https://registry.npmjs.org/superjson/-/superjson-2.2.2.tgz",
      "integrity": "sha512-5JRxVqC8I8NuOUjzBbvVJAKNM8qoVuH0O77h4WInc/qC2q5IreqKxYwgkga3PfA22OayK2ikceb/B26dztPl+Q==",
      "license": "MIT",
      "dependencies": {
        "copy-anything": "^3.0.2"
      },
      "engines": {
        "node": ">=16"
      }
    }
  }
}
